
Microsoft Visual Studio Solution File, Format Version 12.00
# Visual Studio Version 16
VisualStudioVersion = 16.0.30114.105
MinimumVisualStudioVersion = 10.0.40219.1
Project("{2150E333-8FDC-42A3-9474-1A3956D46DE8}") = "tests", "tests", "{5AA3CBFD-ECB5-428E-A0A7-5C39F7027197}"
EndProject
Project("{FAE04EC0-301F-11D3-BF4B-00C04F79EFBC}") = "CyberCrypt.D1.EntityFramework.Tests", "tests\CyberCrypt.D1.EntityFramework.Tests\CyberCrypt.D1.EntityFramework.Tests.csproj", "{8950393C-5047-4791-B4EA-B61EBDE2A1CD}"
EndProject
Project("{FAE04EC0-301F-11D3-BF4B-00C04F79EFBC}") = "CyberCrypt.D1.EntityFramework", "src\CyberCrypt.D1.EntityFramework.csproj", "{1251B1B2-8704-4C72-AC12-D2EC95C9F0DC}"
EndProject
Project("{2150E333-8FDC-42A3-9474-1A3956D46DE8}") = "examples", "examples", "{A703CB9A-C880-4C97-A11A-1CBFC6275E12}"
EndProject
Project("{FAE04EC0-301F-11D3-BF4B-00C04F79EFBC}") = "D1DBSample", "examples\D1DB.Sample\D1DB.Sample.csproj", "{E5BEF5D8-DE39-44EC-858E-F3E1A476A590}"
EndProject
Global
	GlobalSection(SolutionConfigurationPlatforms) = preSolution
		Debug|Any CPU = Debug|Any CPU
		Release|Any CPU = Release|Any CPU
	EndGlobalSection
	GlobalSection(SolutionProperties) = preSolution
		HideSolutionNode = FALSE
	EndGlobalSection
	GlobalSection(ProjectConfigurationPlatforms) = postSolution
		{8950393C-5047-4791-B4EA-B61EBDE2A1CD}.Debug|Any CPU.ActiveCfg = Debug|Any CPU
		{8950393C-5047-4791-B4EA-B61EBDE2A1CD}.Debug|Any CPU.Build.0 = Debug|Any CPU
		{8950393C-5047-4791-B4EA-B61EBDE2A1CD}.Release|Any CPU.ActiveCfg = Release|Any CPU
		{8950393C-5047-4791-B4EA-B61EBDE2A1CD}.Release|Any CPU.Build.0 = Release|Any CPU
		{1251B1B2-8704-4C72-AC12-D2EC95C9F0DC}.Debug|Any CPU.ActiveCfg = Debug|Any CPU
		{1251B1B2-8704-4C72-AC12-D2EC95C9F0DC}.Debug|Any CPU.Build.0 = Debug|Any CPU
		{1251B1B2-8704-4C72-AC12-D2EC95C9F0DC}.Release|Any CPU.ActiveCfg = Release|Any CPU
		{1251B1B2-8704-4C72-AC12-D2EC95C9F0DC}.Release|Any CPU.Build.0 = Release|Any CPU
		{E5BEF5D8-DE39-44EC-858E-F3E1A476A590}.Debug|Any CPU.ActiveCfg = Debug|Any CPU
		{E5BEF5D8-DE39-44EC-858E-F3E1A476A590}.Debug|Any CPU.Build.0 = Debug|Any CPU
		{E5BEF5D8-DE39-44EC-858E-F3E1A476A590}.Release|Any CPU.ActiveCfg = Release|Any CPU
		{E5BEF5D8-DE39-44EC-858E-F3E1A476A590}.Release|Any CPU.Build.0 = Release|Any CPU
	EndGlobalSection
	GlobalSection(NestedProjects) = preSolution
		{8950393C-5047-4791-B4EA-B61EBDE2A1CD} = {5AA3CBFD-ECB5-428E-A0A7-5C39F7027197}
		{E5BEF5D8-DE39-44EC-858E-F3E1A476A590} = {A703CB9A-C880-4C97-A11A-1CBFC6275E12}
	EndGlobalSection
EndGlobal
